
Microsoft Visual Studio Solution File, Format Version 12.00
# Visual Studio Version 16
VisualStudioVersion = 16.0.30104.148
MinimumVisualStudioVersion = 10.0.40219.1
Project("{9A19103F-16F7-4668-BE54-9A1E7A4F7556}") = "Arrizer.Attributes", "Arrizer.Attributes\Arrizer.Attributes.csproj", "{D12087AC-D36E-4932-B07D-A64792EC5ED5}"
EndProject
Project("{9A19103F-16F7-4668-BE54-9A1E7A4F7556}") = "Arrizer.Generators", "Arrizer.Generators\Arrizer.Generators.csproj", "{27C9F475-2AD8-46F0-8E3E-E435DF529690}"
EndProject
Project("{9A19103F-16F7-4668-BE54-9A1E7A4F7556}") = "Arrizer", "Arrizer\Arrizer.csproj", "{4848C4DE-CFEF-41C0-9BC5-61C593FC0EA0}"
EndProject
Global
	GlobalSection(SolutionConfigurationPlatforms) = preSolution
		Debug|Any CPU = Debug|Any CPU
		Release|Any CPU = Release|Any CPU
	EndGlobalSection
	GlobalSection(ProjectConfigurationPlatforms) = postSolution
		{D12087AC-D36E-4932-B07D-A64792EC5ED5}.Debug|Any CPU.ActiveCfg = Debug|Any CPU
		{D12087AC-D36E-4932-B07D-A64792EC5ED5}.Debug|Any CPU.Build.0 = Debug|Any CPU
		{D12087AC-D36E-4932-B07D-A64792EC5ED5}.Release|Any CPU.ActiveCfg = Release|Any CPU
		{D12087AC-D36E-4932-B07D-A64792EC5ED5}.Release|Any CPU.Build.0 = Release|Any CPU
		{27C9F475-2AD8-46F0-8E3E-E435DF529690}.Debug|Any CPU.ActiveCfg = Debug|Any CPU
		{27C9F475-2AD8-46F0-8E3E-E435DF529690}.Debug|Any CPU.Build.0 = Debug|Any CPU
		{27C9F475-2AD8-46F0-8E3E-E435DF529690}.Release|Any CPU.ActiveCfg = Release|Any CPU
		{27C9F475-2AD8-46F0-8E3E-E435DF529690}.Release|Any CPU.Build.0 = Release|Any CPU
		{4848C4DE-CFEF-41C0-9BC5-61C593FC0EA0}.Debug|Any CPU.ActiveCfg = Debug|Any CPU
		{4848C4DE-CFEF-41C0-9BC5-61C593FC0EA0}.Debug|Any CPU.Build.0 = Debug|Any CPU
		{4848C4DE-CFEF-41C0-9BC5-61C593FC0EA0}.Release|Any CPU.ActiveCfg = Release|Any CPU
		{4848C4DE-CFEF-41C0-9BC5-61C593FC0EA0}.Release|Any CPU.Build.0 = Release|Any CPU
	EndGlobalSection
	GlobalSection(SolutionProperties) = preSolution
		HideSolutionNode = FALSE
	EndGlobalSection
	GlobalSection(ExtensibilityGlobals) = postSolution
		SolutionGuid = {EC7F5067-BDD2-4C8B-9248-49DA9AC34A5F}
	EndGlobalSection
EndGlobal
